Microsoft Visual Studio Solution File, Format Version 11.00
# Visual Studio 2010
Project("{FAE04EC0-301F-11D3-BF4B-00C04F79EFBC}") = "SQLSchemaToolGUI", "SQL Schema Tool GUI\SQLSchemaToolGUI.csproj", "{CEEDAEB1-66C6-450F-8CD2-7B7AFB281308}"
	ProjectSection(ProjectDependencies) = postProject
		{694D8B35-E80F-4DAF-B454-6BB992630ECA} = {694D8B35-E80F-4DAF-B454-6BB992630ECA}
		{5AA77F87-3873-4101-A13C-F45E15B94EB3} = {5AA77F87-3873-4101-A13C-F45E15B94EB3}
		{F5CCF19E-10AB-47A1-8067-DAECE2D59592} = {F5CCF19E-10AB-47A1-8067-DAECE2D59592}
		{8BA90DA5-E8EB-4DEC-9D41-951D012B90CE} = {8BA90DA5-E8EB-4DEC-9D41-951D012B90CE}
		{DFFFCAB1-4209-4390-B855-6FD646AC2AA7} = {DFFFCAB1-4209-4390-B855-6FD646AC2AA7}
		{C75532C4-765B-418E-B09B-46D36B2ABDB1} = {C75532C4-765B-418E-B09B-46D36B2ABDB1}
	EndProjectSection
EndProject
Project("{FAE04EC0-301F-11D3-BF4B-00C04F79EFBC}") = "WinFormsUI", "WinFormsUI\WinFormsUI.csproj", "{C75532C4-765B-418E-B09B-46D36B2ABDB1}"
EndProject
Project("{FAE04EC0-301F-11D3-BF4B-00C04F79EFBC}") = "DTSCommandLine", "DTS Command Line\DTSCommandLine.csproj", "{84F7E662-13FD-46E2-8492-04229D4EC51D}"
	ProjectSection(ProjectDependencies) = postProject
		{694D8B35-E80F-4DAF-B454-6BB992630ECA} = {694D8B35-E80F-4DAF-B454-6BB992630ECA}
		{E2275550-545F-45EA-BD94-E7971794A1B8} = {E2275550-545F-45EA-BD94-E7971794A1B8}
		{5AA77F87-3873-4101-A13C-F45E15B94EB3} = {5AA77F87-3873-4101-A13C-F45E15B94EB3}
		{F5CCF19E-10AB-47A1-8067-DAECE2D59592} = {F5CCF19E-10AB-47A1-8067-DAECE2D59592}
		{8BA90DA5-E8EB-4DEC-9D41-951D012B90CE} = {8BA90DA5-E8EB-4DEC-9D41-951D012B90CE}
		{DFFFCAB1-4209-4390-B855-6FD646AC2AA7} = {DFFFCAB1-4209-4390-B855-6FD646AC2AA7}
		{C75532C4-765B-418E-B09B-46D36B2ABDB1} = {C75532C4-765B-418E-B09B-46D36B2ABDB1}
	EndProjectSection
EndProject
Project("{FAE04EC0-301F-11D3-BF4B-00C04F79EFBC}") = "DTSPackageClass", "DTS XML\DTSPackageClass.csproj", "{F5CCF19E-10AB-47A1-8067-DAECE2D59592}"
	ProjectSection(ProjectDependencies) = postProject
		{5AA77F87-3873-4101-A13C-F45E15B94EB3} = {5AA77F87-3873-4101-A13C-F45E15B94EB3}
		{C75532C4-765B-418E-B09B-46D36B2ABDB1} = {C75532C4-765B-418E-B09B-46D36B2ABDB1}
	EndProjectSection
EndProject
Project("{FAE04EC0-301F-11D3-BF4B-00C04F79EFBC}") = "SQLSchemaTool", "SQLSchemaTool.csproj", "{DFFFCAB1-4209-4390-B855-6FD646AC2AA7}"
	ProjectSection(ProjectDependencies) = postProject
		{F5CCF19E-10AB-47A1-8067-DAECE2D59592} = {F5CCF19E-10AB-47A1-8067-DAECE2D59592}
		{C75532C4-765B-418E-B09B-46D36B2ABDB1} = {C75532C4-765B-418E-B09B-46D36B2ABDB1}
	EndProjectSection
EndProject
Project("{FAE04EC0-301F-11D3-BF4B-00C04F79EFBC}") = "SSTCommandLine", "SST Command Line\SSTCommandLine.csproj", "{E2275550-545F-45EA-BD94-E7971794A1B8}"
	ProjectSection(ProjectDependencies) = postProject
		{694D8B35-E80F-4DAF-B454-6BB992630ECA} = {694D8B35-E80F-4DAF-B454-6BB992630ECA}
		{5AA77F87-3873-4101-A13C-F45E15B94EB3} = {5AA77F87-3873-4101-A13C-F45E15B94EB3}
		{F5CCF19E-10AB-47A1-8067-DAECE2D59592} = {F5CCF19E-10AB-47A1-8067-DAECE2D59592}
		{8BA90DA5-E8EB-4DEC-9D41-951D012B90CE} = {8BA90DA5-E8EB-4DEC-9D41-951D012B90CE}
		{CEEDAEB1-66C6-450F-8CD2-7B7AFB281308} = {CEEDAEB1-66C6-450F-8CD2-7B7AFB281308}
		{DFFFCAB1-4209-4390-B855-6FD646AC2AA7} = {DFFFCAB1-4209-4390-B855-6FD646AC2AA7}
		{C75532C4-765B-418E-B09B-46D36B2ABDB1} = {C75532C4-765B-418E-B09B-46D36B2ABDB1}
	EndProjectSection
EndProject
Project("{FAE04EC0-301F-11D3-BF4B-00C04F79EFBC}") = "Converters", "Converters\Converters.csproj", "{5AA77F87-3873-4101-A13C-F45E15B94EB3}"
	ProjectSection(ProjectDependencies) = postProject
		{694D8B35-E80F-4DAF-B454-6BB992630ECA} = {694D8B35-E80F-4DAF-B454-6BB992630ECA}
		{8BA90DA5-E8EB-4DEC-9D41-951D012B90CE} = {8BA90DA5-E8EB-4DEC-9D41-951D012B90CE}
		{C75532C4-765B-418E-B09B-46D36B2ABDB1} = {C75532C4-765B-418E-B09B-46D36B2ABDB1}
	EndProjectSection
EndProject
Project("{FAE04EC0-301F-11D3-BF4B-00C04F79EFBC}") = "XmlDiffView8", "XmlDiffView\XmlDiffView8.csproj", "{694D8B35-E80F-4DAF-B454-6BB992630ECA}"
EndProject
Project("{FAE04EC0-301F-11D3-BF4B-00C04F79EFBC}") = "XmlDiffPatch8", "XmlDiff\XmlDiffPatch8.csproj", "{8BA90DA5-E8EB-4DEC-9D41-951D012B90CE}"
EndProject
Project("{930C7802-8A8C-48F9-8165-68863BCCD9DD}") = "WIXProject-Full", "SST Installer\WIXProject-Full\WIXProject-Full.wixproj", "{183A283C-839C-4C10-9A2C-68BA0F3E6728}"
	ProjectSection(ProjectDependencies) = postProject
		{694D8B35-E80F-4DAF-B454-6BB992630ECA} = {694D8B35-E80F-4DAF-B454-6BB992630ECA}
		{E2275550-545F-45EA-BD94-E7971794A1B8} = {E2275550-545F-45EA-BD94-E7971794A1B8}
		{84F7E662-13FD-46E2-8492-04229D4EC51D} = {84F7E662-13FD-46E2-8492-04229D4EC51D}
		{5AA77F87-3873-4101-A13C-F45E15B94EB3} = {5AA77F87-3873-4101-A13C-F45E15B94EB3}
		{F5CCF19E-10AB-47A1-8067-DAECE2D59592} = {F5CCF19E-10AB-47A1-8067-DAECE2D59592}
		{8BA90DA5-E8EB-4DEC-9D41-951D012B90CE} = {8BA90DA5-E8EB-4DEC-9D41-951D012B90CE}
		{CEEDAEB1-66C6-450F-8CD2-7B7AFB281308} = {CEEDAEB1-66C6-450F-8CD2-7B7AFB281308}
		{DFFFCAB1-4209-4390-B855-6FD646AC2AA7} = {DFFFCAB1-4209-4390-B855-6FD646AC2AA7}
		{C75532C4-765B-418E-B09B-46D36B2ABDB1} = {C75532C4-765B-418E-B09B-46D36B2ABDB1}
	EndProjectSection
EndProject
Global
	GlobalSection(SolutionConfigurationPlatforms) = preSolution
		Debug|Any CPU = Debug|Any CPU
		Release|Any CPU = Release|Any CPU
	EndGlobalSection
	GlobalSection(ProjectConfigurationPlatforms) = postSolution
		{CEEDAEB1-66C6-450F-8CD2-7B7AFB281308}.Debug|Any CPU.ActiveCfg = Debug|Any CPU
		{CEEDAEB1-66C6-450F-8CD2-7B7AFB281308}.Debug|Any CPU.Build.0 = Debug|Any CPU
		{CEEDAEB1-66C6-450F-8CD2-7B7AFB281308}.Release|Any CPU.ActiveCfg = Release|Any CPU
		{CEEDAEB1-66C6-450F-8CD2-7B7AFB281308}.Release|Any CPU.Build.0 = Release|Any CPU
		{C75532C4-765B-418E-B09B-46D36B2ABDB1}.Debug|Any CPU.ActiveCfg = Debug|Any CPU
		{C75532C4-765B-418E-B09B-46D36B2ABDB1}.Debug|Any CPU.Build.0 = Debug|Any CPU
		{C75532C4-765B-418E-B09B-46D36B2ABDB1}.Release|Any CPU.ActiveCfg = Release|Any CPU
		{C75532C4-765B-418E-B09B-46D36B2ABDB1}.Release|Any CPU.Build.0 = Release|Any CPU
		{84F7E662-13FD-46E2-8492-04229D4EC51D}.Debug|Any CPU.ActiveCfg = Debug|Any CPU
		{84F7E662-13FD-46E2-8492-04229D4EC51D}.Debug|Any CPU.Build.0 = Debug|Any CPU
		{84F7E662-13FD-46E2-8492-04229D4EC51D}.Release|Any CPU.ActiveCfg = Release|Any CPU
		{84F7E662-13FD-46E2-8492-04229D4EC51D}.Release|Any CPU.Build.0 = Release|Any CPU
		{F5CCF19E-10AB-47A1-8067-DAECE2D59592}.Debug|Any CPU.ActiveCfg = Debug|Any CPU
		{F5CCF19E-10AB-47A1-8067-DAECE2D59592}.Debug|Any CPU.Build.0 = Debug|Any CPU
		{F5CCF19E-10AB-47A1-8067-DAECE2D59592}.Release|Any CPU.ActiveCfg = Release|Any CPU
		{F5CCF19E-10AB-47A1-8067-DAECE2D59592}.Release|Any CPU.Build.0 = Release|Any CPU
		{DFFFCAB1-4209-4390-B855-6FD646AC2AA7}.Debug|Any CPU.ActiveCfg = Debug|Any CPU
		{DFFFCAB1-4209-4390-B855-6FD646AC2AA7}.Debug|Any CPU.Build.0 = Debug|Any CPU
		{DFFFCAB1-4209-4390-B855-6FD646AC2AA7}.Release|Any CPU.ActiveCfg = Release|Any CPU
		{DFFFCAB1-4209-4390-B855-6FD646AC2AA7}.Release|Any CPU.Build.0 = Release|Any CPU
		{E2275550-545F-45EA-BD94-E7971794A1B8}.Debug|Any CPU.ActiveCfg = Debug|Any CPU
		{E2275550-545F-45EA-BD94-E7971794A1B8}.Debug|Any CPU.Build.0 = Debug|Any CPU
		{E2275550-545F-45EA-BD94-E7971794A1B8}.Release|Any CPU.ActiveCfg = Release|Any CPU
		{E2275550-545F-45EA-BD94-E7971794A1B8}.Release|Any CPU.Build.0 = Release|Any CPU
		{5AA77F87-3873-4101-A13C-F45E15B94EB3}.Debug|Any CPU.ActiveCfg = Debug|Any CPU
		{5AA77F87-3873-4101-A13C-F45E15B94EB3}.Debug|Any CPU.Build.0 = Debug|Any CPU
		{5AA77F87-3873-4101-A13C-F45E15B94EB3}.Release|Any CPU.ActiveCfg = Release|Any CPU
		{5AA77F87-3873-4101-A13C-F45E15B94EB3}.Release|Any CPU.Build.0 = Release|Any CPU
		{694D8B35-E80F-4DAF-B454-6BB992630ECA}.Debug|Any CPU.ActiveCfg = Debug|Any CPU
		{694D8B35-E80F-4DAF-B454-6BB992630ECA}.Debug|Any CPU.Build.0 = Debug|Any CPU
		{694D8B35-E80F-4DAF-B454-6BB992630ECA}.Release|Any CPU.ActiveCfg = Release|Any CPU
		{694D8B35-E80F-4DAF-B454-6BB992630ECA}.Release|Any CPU.Build.0 = Release|Any CPU
		{8BA90DA5-E8EB-4DEC-9D41-951D012B90CE}.Debug|Any CPU.ActiveCfg = Debug|Any CPU
		{8BA90DA5-E8EB-4DEC-9D41-951D012B90CE}.Debug|Any CPU.Build.0 = Debug|Any CPU
		{8BA90DA5-E8EB-4DEC-9D41-951D012B90CE}.Release|Any CPU.ActiveCfg = Release|Any CPU
		{8BA90DA5-E8EB-4DEC-9D41-951D012B90CE}.Release|Any CPU.Build.0 = Release|Any CPU
		{183A283C-839C-4C10-9A2C-68BA0F3E6728}.Debug|Any CPU.ActiveCfg = Debug|Any CPU
		{183A283C-839C-4C10-9A2C-68BA0F3E6728}.Debug|Any CPU.Build.0 = Debug|Any CPU
		{183A283C-839C-4C10-9A2C-68BA0F3E6728}.Release|Any CPU.ActiveCfg = Release|Any CPU
		{183A283C-839C-4C10-9A2C-68BA0F3E6728}.Release|Any CPU.Build.0 = Release|Any CPU
	EndGlobalSection
	GlobalSection(SolutionProperties) = preSolution
		HideSolutionNode = FALSE
	EndGlobalSection
EndGlobal
